
Microsoft Visual Studio Solution File, Format Version 12.00
# Visual Studio Version 17
VisualStudioVersion = 17.5.33627.172
MinimumVisualStudioVersion = 10.0.40219.1
Project("{9A19103F-16F7-4668-BE54-9A1E7A4F7556}") = "TiposNumericosInteiros", "TiposNumericosInteiros\TiposNumericosInteiros.csproj", "{64E64EDD-5B8C-4076-A8D8-4B1802CC7422}"
EndProject
Project("{9A19103F-16F7-4668-BE54-9A1E7A4F7556}") = "TiposNumerosPontoFlutuante", "TiposNumerosPontoFlutuante\TiposNumerosPontoFlutuante.csproj", "{EB17B844-47A6-4D8C-8275-D8CCFDD44C0B}"
EndProject
Project("{9A19103F-16F7-4668-BE54-9A1E7A4F7556}") = "TipoBoolChar", "TipoBoolChar\TipoBoolChar.csproj", "{9247A35C-AB3E-480A-9EA6-1A0F5DD6CC28}"
EndProject
Project("{9A19103F-16F7-4668-BE54-9A1E7A4F7556}") = "TiposDeReferencia", "TiposDeReferencia\TiposDeReferencia.csproj", "{6C1076CA-CFCC-49B2-A7CA-9110A891CBDB}"
EndProject
Project("{9A19103F-16F7-4668-BE54-9A1E7A4F7556}") = "TratamentoDeDataHora", "TratamentoDeDataHora\TratamentoDeDataHora.csproj", "{46DF646E-9DAC-4B24-A31A-86F34E607711}"
EndProject
Project("{9A19103F-16F7-4668-BE54-9A1E7A4F7556}") = "NullableTypes", "NullableTypes\NullableTypes.csproj", "{C050F574-E4B3-45D4-A1D5-F6B463CB9995}"
EndProject
Project("{9A19103F-16F7-4668-BE54-9A1E7A4F7556}") = "NomenclaturaConvencoes", "NomenclaturaConvencoes\NomenclaturaConvencoes.csproj", "{956FF982-0235-4CE8-895A-845361B44FC0}"
EndProject
Project("{9A19103F-16F7-4668-BE54-9A1E7A4F7556}") = "ExercioFase1", "ExercioFase1\ExercioFase1.csproj", "{A241806C-5657-4CFF-AB51-B15A0896C657}"
EndProject
Project("{9A19103F-16F7-4668-BE54-9A1E7A4F7556}") = "FormatarASaidaDeDados", "FormatarASaidaDeDados\FormatarASaidaDeDados.csproj", "{9E514902-D20C-41A7-B143-82A33DCA6724}"
EndProject
Project("{9A19103F-16F7-4668-BE54-9A1E7A4F7556}") = "SequenciasEscapes", "SequenciasEscapes\SequenciasEscapes.csproj", "{9D9BBA16-5C6D-40E8-813A-D9543460874B}"
EndProject
Project("{9A19103F-16F7-4668-BE54-9A1E7A4F7556}") = "ConversaoDeTipos1", "ConversaoDeTipos1\ConversaoDeTipos1.csproj", "{BF8426CE-E8AD-493C-8A1E-D3DB0C4B64E0}"
EndProject
Project("{9A19103F-16F7-4668-BE54-9A1E7A4F7556}") = "ConversaoDeTipos2", "ConversaoDeTipos2\ConversaoDeTipos2.csproj", "{63BE7BE7-0850-4A7D-9567-D40F1958ABE1}"
EndProject
Project("{9A19103F-16F7-4668-BE54-9A1E7A4F7556}") = "EntradaDeDados", "EntradaDeDados\EntradaDeDados.csproj", "{D19E6B56-FA1E-4D5F-BB39-D9B2368EB3B7}"
EndProject
Project("{9A19103F-16F7-4668-BE54-9A1E7A4F7556}") = "OperadoresAritmeticosEClasse", "OperadoresAritmeticosEClasse\OperadoresAritmeticosEClasse.csproj", "{36D721C7-8318-4017-898E-AB1332E642DC}"
EndProject
Project("{9A19103F-16F7-4668-BE54-9A1E7A4F7556}") = "InferenciaDeTipos", "InferenciaDeTipos\InferenciaDeTipos.csproj", "{DBB9E9E3-0F2E-41F4-A075-A9CF793A960D}"
EndProject
Project("{9A19103F-16F7-4668-BE54-9A1E7A4F7556}") = "ChamandoConstrutorComThis", "ChamandoConstrutorComThis\ChamandoConstrutorComThis.csproj", "{B1576376-2CDA-43C4-8232-1AE00F9621E9}"
EndProject
Project("{9A19103F-16F7-4668-BE54-9A1E7A4F7556}") = "SobreCarga", "SobreCarga\SobreCarga.csproj", "{7C1DD077-FE33-4B78-95E9-FF5C5F52B8B5}"
EndProject
Project("{9A19103F-16F7-4668-BE54-9A1E7A4F7556}") = "PassandoArgumentoPorReferencia", "PassandoArgumentoPorReferencia\PassandoArgumentoPorReferencia.csproj", "{8D159D96-3DC1-4A63-A2F0-4A9534A2BF43}"
EndProject
Project("{9A19103F-16F7-4668-BE54-9A1E7A4F7556}") = "ArgumentosNomeados", "ArgumentosNomeados\ArgumentosNomeados.csproj", "{E0ED779A-3BC9-4533-9193-46707618CDB7}"
EndProject
Project("{9A19103F-16F7-4668-BE54-9A1E7A4F7556}") = "MetodoStatic", "MetodoStatic\MetodoStatic.csproj", "{E25E748A-94F5-4FDA-B6C7-108CCF3A4D04}"
EndProject
Project("{9A19103F-16F7-4668-BE54-9A1E7A4F7556}") = "ConstrutorECampoEstatico", "ConstrutorECampoEstatico\ConstrutorECampoEstatico.csproj", "{8BCB733D-D46E-4736-99D2-BA8B884DA7A6}"
EndProject
Project("{9A19103F-16F7-4668-BE54-9A1E7A4F7556}") = "Propriedades", "Propriedades\Propriedades.csproj", "{7D01552D-C548-4A21-A04C-51378893A843}"
EndProject
Project("{9A19103F-16F7-4668-BE54-9A1E7A4F7556}") = "Struct", "Struct\Struct.csproj", "{4B391E96-12E2-4881-878D-C0CEF12E3444}"
EndProject
Project("{9A19103F-16F7-4668-BE54-9A1E7A4F7556}") = "Enum", "Enum\Enum.csproj", "{B6416DAB-F89C-4731-93DB-CD0B5795A2D2}"
EndProject
Project("{9A19103F-16F7-4668-BE54-9A1E7A4F7556}") = "ModificadoresDeAcesso", "ModificadoresDeAcesso\ModificadoresDeAcesso.csproj", "{DD39AF04-499E-4D7A-AE0B-AD31AAA4B55A}"
EndProject
Project("{9A19103F-16F7-4668-BE54-9A1E7A4F7556}") = "BlocoTryCatch", "BlocoTryCatch\BlocoTryCatch.csproj", "{C0B51509-AED6-465D-B33C-8B6382EAA8E4}"
EndProject
Project("{9A19103F-16F7-4668-BE54-9A1E7A4F7556}") = "TiposAnonimos", "TiposAnonimos\TiposAnonimos.csproj", "{236B44B9-A4D5-44D1-BB3C-8DF5C3F4BD4B}"
EndProject
Project("{9A19103F-16F7-4668-BE54-9A1E7A4F7556}") = "PartialClasse", "PartialClasse\PartialClasse.csproj", "{025180A8-8BDC-47C9-BC24-EA6D19574BD1}"
EndProject
Project("{9A19103F-16F7-4668-BE54-9A1E7A4F7556}") = "Arrays1", "Arrays1\Arrays1.csproj", "{FAD5EA89-26B9-45D2-9897-E76F0A510D3E}"
EndProject
Project("{9A19103F-16F7-4668-BE54-9A1E7A4F7556}") = "Arrays2", "Arrays2\Arrays2.csproj", "{951D59FF-B74A-4362-9FA5-90313D4541B3}"
EndProject
Project("{9A19103F-16F7-4668-BE54-9A1E7A4F7556}") = "Arrays3", "Arrays3\Arrays3.csproj", "{370A0320-24B6-40CF-ACE7-592B534AF2C1}"
EndProject
Project("{9A19103F-16F7-4668-BE54-9A1E7A4F7556}") = "ArraysClasse", "ArraysClasse\ArraysClasse.csproj", "{9C1FFEFE-C7AF-4D6A-8A87-03FDFCC3D76C}"
EndProject
Project("{9A19103F-16F7-4668-BE54-9A1E7A4F7556}") = "ArraysMultidimensionais1", "ArraysMultidimensionais1\ArraysMultidimensionais1.csproj", "{CF9FED31-3712-4801-899F-AB9B04358383}"
EndProject
Project("{9A19103F-16F7-4668-BE54-9A1E7A4F7556}") = "ArrayList1", "ArrayList1\ArrayList1.csproj", "{4C18E166-B84F-4AB6-B250-BCA02F8ECFF2}"
EndProject
Project("{9A19103F-16F7-4668-BE54-9A1E7A4F7556}") = "ArrayList2", "ArrayList2\ArrayList2.csproj", "{BD9F9D65-9A3A-4315-8F5A-3A3CF53F480B}"
EndProject
Project("{9A19103F-16F7-4668-BE54-9A1E7A4F7556}") = "ArrayList3", "ArrayList3\ArrayList3.csproj", "{7789EEB6-9FBE-486F-94B2-C0F846A385B8}"
EndProject
Project("{9A19103F-16F7-4668-BE54-9A1E7A4F7556}") = "List", "List\List.csproj", "{41B63170-C2DB-44F1-8348-FF90C04CB76B}"
EndProject
Project("{9A19103F-16F7-4668-BE54-9A1E7A4F7556}") = "ListMetodosFind", "ListMetodosFind\ListMetodosFind.csproj", "{3E2E9D95-A69E-4DE4-9DC0-4F2A14D3C7E3}"
EndProject
Project("{9A19103F-16F7-4668-BE54-9A1E7A4F7556}") = "ListMetodosFindExpressaoLambda", "ListMetodosFindExpressaoLambda\ListMetodosFindExpressaoLambda.csproj", "{B4C99143-A6C6-4CD0-AD9A-6D9744163D0A}"
EndProject
Project("{9A19103F-16F7-4668-BE54-9A1E7A4F7556}") = "ListIEnumerable", "ListIEnumerable\ListIEnumerable.csproj", "{B5A27659-D111-4896-A9FC-FA53BF2D7319}"
EndProject
Project("{9A19103F-16F7-4668-BE54-9A1E7A4F7556}") = "Indexadores", "Indexadores\Indexadores.csproj", "{0875B674-2A50-479F-B269-7680AD736320}"
EndProject
Project("{9A19103F-16F7-4668-BE54-9A1E7A4F7556}") = "Random", "Random\Random.csproj", "{2981B56A-EC09-4900-A820-6E1127252AD0}"
EndProject
Project("{9A19103F-16F7-4668-BE54-9A1E7A4F7556}") = "HerancaConceitoESintaxe", "HerancaConceitoESintaxe\HerancaConceitoESintaxe.csproj", "{42FD01C7-2B53-48D8-8897-E08803BDFF27}"
EndProject
Project("{9A19103F-16F7-4668-BE54-9A1E7A4F7556}") = "HerancaComportamentos", "HerancaComportamentos\HerancaComportamentos.csproj", "{C9080BF9-4E6A-482D-81C7-4447465AF62E}"
EndProject
Project("{9A19103F-16F7-4668-BE54-9A1E7A4F7556}") = "HerancaConstrutores", "HerancaConstrutores\HerancaConstrutores.csproj", "{24E566C5-81D8-4583-B1AB-EEBA69F6FF13}"
EndProject
Project("{9A19103F-16F7-4668-BE54-9A1E7A4F7556}") = "HerancaEObject", "HerancaEObject\HerancaEObject.csproj", "{68F70547-5C1A-4518-9560-9E071023E7C5}"
EndProject
Project("{9A19103F-16F7-4668-BE54-9A1E7A4F7556}") = "HerancaENew", "HerancaENew\HerancaENew.csproj", "{E9D3E006-6F4F-4C02-974C-ABEA9E5CB919}"
EndProject
Project("{9A19103F-16F7-4668-BE54-9A1E7A4F7556}") = "HerancaVirtualEOverride", "HerancaVirtualEOverride\HerancaVirtualEOverride.csproj", "{F0B2E973-C97F-496E-90AC-B1713B530320}"
EndProject
Project("{9A19103F-16F7-4668-BE54-9A1E7A4F7556}") = "HerancaSealed", "HerancaSealed\HerancaSealed.csproj", "{B8E552EE-203D-4D4B-AFF5-AF53261E531A}"
EndProject
Project("{9A19103F-16F7-4668-BE54-9A1E7A4F7556}") = "HerancaExercicio", "HerancaExercicio\HerancaExercicio.csproj", "{0096CE3F-9195-4F1E-8BC2-795E24F4111D}"
EndProject
Project("{9A19103F-16F7-4668-BE54-9A1E7A4F7556}") = "HerancaTipo", "HerancaTipo\HerancaTipo.csproj", "{74A6AB64-0822-4148-A9A4-EEF803151BC3}"
EndProject
Project("{9A19103F-16F7-4668-BE54-9A1E7A4F7556}") = "DownCastingEUpCasting", "DownCastingEUpCasting\DownCastingEUpCasting.csproj", "{569FAC49-05D4-44B8-A582-8810570CF1BC}"
EndProject
Project("{9A19103F-16F7-4668-BE54-9A1E7A4F7556}") = "OperadorIsAs", "OperadorIsAs\OperadorIsAs.csproj", "{CFC7DA9C-B778-4737-9F52-17F5983BC41A}"
EndProject
Project("{9A19103F-16F7-4668-BE54-9A1E7A4F7556}") = "ClasseAbstrata1", "ClasseAbstrata1\ClasseAbstrata1.csproj", "{2348DB19-9CA4-4EA0-825C-303E6196CD4F}"
EndProject
Project("{9A19103F-16F7-4668-BE54-9A1E7A4F7556}") = "Interfaces", "Interfaces\Interfaces.csproj", "{08010BE3-1AF3-483C-B580-CB49879D3AD6}"
EndProject
Project("{9A19103F-16F7-4668-BE54-9A1E7A4F7556}") = "InterfacesExercicios", "InterfacesExercicios\InterfacesExercicios.csproj", "{0C6192E8-D6A9-41DF-931D-C1D7DD18AE2C}"
EndProject
Project("{9A19103F-16F7-4668-BE54-9A1E7A4F7556}") = "Composicao", "Composicao\Composicao.csproj", "{DDF0EDFB-E8CC-4A6C-9CFF-EBA0C5E90D8E}"
EndProject
Project("{9A19103F-16F7-4668-BE54-9A1E7A4F7556}") = "Agregacao", "Agregacao\Agregacao.csproj", "{A6E78436-05B2-4C7C-A124-168C40B36483}"
EndProject
Project("{9A19103F-16F7-4668-BE54-9A1E7A4F7556}") = "ExemploHerancaEComposicao", "ExemploHerancaEComposicao\ExemploHerancaEComposicao.csproj", "{B9E144C8-F7DB-4337-8386-F5F8AB72A173}"
EndProject
Project("{9A19103F-16F7-4668-BE54-9A1E7A4F7556}") = "Polimorfismo", "Polimorfismo\Polimorfismo.csproj", "{C1BECDFB-FCAB-46F2-B4DE-6F3BF8E37A10}"
EndProject
Project("{9A19103F-16F7-4668-BE54-9A1E7A4F7556}") = "Generics", "Generics\Generics.csproj", "{5BBC55BA-6F9B-4C59-8F32-1D679E79635A}"
EndProject
Project("{9A19103F-16F7-4668-BE54-9A1E7A4F7556}") = "GenericsExercicio", "GenericsExercicio\GenericsExercicio.csproj", "{2EBE6CD6-CC2F-4217-8AE5-5DA0BF136D44}"
EndProject
Project("{9A19103F-16F7-4668-BE54-9A1E7A4F7556}") = "GetHashCodeEEquals", "GetHashCodeEEquals\GetHashCodeEEquals.csproj", "{315FA8BB-F96D-4E6B-9A7A-465B70CDD48F}"
EndProject
Project("{9A19103F-16F7-4668-BE54-9A1E7A4F7556}") = "GetHashCodeExercicio", "GetHashCodeExercicio\GetHashCodeExercicio.csproj", "{BA1CAEEA-A7EE-43BF-8C6C-2780BE3FE7F9}"
EndProject
Project("{9A19103F-16F7-4668-BE54-9A1E7A4F7556}") = "ColecoesGenericasENaoGenericas", "ColecoesGenericasENaoGenericas\ColecoesGenericasENaoGenericas.csproj", "{0BFBD327-D001-43C4-8092-60BE565A2A7A}"
EndProject
Project("{9A19103F-16F7-4668-BE54-9A1E7A4F7556}") = "DictionaryTKeyTValu", "DictionaryTKeyTValu\DictionaryTKeyTValu.csproj", "{73C0BB69-D2DE-434D-BE38-9959A4A27992}"
EndProject
Project("{9A19103F-16F7-4668-BE54-9A1E7A4F7556}") = "DictionaryTKeyTValuExercicio", "DictionaryTKeyTValuExercicio\DictionaryTKeyTValuExercicio.csproj", "{54CE3F8A-A171-49F3-9BAB-E96C37BADFFB}"
EndProject
Project("{9A19103F-16F7-4668-BE54-9A1E7A4F7556}") = "SortedDictionaryTKeyTValue", "SortedDictionaryTKeyTValue\SortedDictionaryTKeyTValue.csproj", "{EE095A4B-C042-44F1-890D-DAB8BDCCD647}"
EndProject
Project("{9A19103F-16F7-4668-BE54-9A1E7A4F7556}") = "ColecaoSet", "ColecaoSet\ColecaoSet.csproj", "{076A7979-76C0-4B35-B08F-0DCDBD89D618}"
EndProject
Project("{9A19103F-16F7-4668-BE54-9A1E7A4F7556}") = "Stack", "Stack\Stack.csproj", "{E60B7A29-A318-4C3B-A819-9A03DC23A5A6}"
EndProject
Project("{9A19103F-16F7-4668-BE54-9A1E7A4F7556}") = "Queue", "Queue\Queue.csproj", "{9D42C003-FB5F-4458-8720-14BCD69CB907}"
EndProject
Project("{9A19103F-16F7-4668-BE54-9A1E7A4F7556}") = "ReadOnlyCollectionT", "ReadOnlyCollectionT\ReadOnlyCollectionT.csproj", "{F24079F4-FC57-40AA-8410-5D62BBD2F4F4}"
EndProject
Project("{9A19103F-16F7-4668-BE54-9A1E7A4F7556}") = "ErrosExecoesTryCatch", "ErrosExecoesTryCatch\ErrosExecoesTryCatch.csproj", "{45D59C21-0CF6-4E59-8099-4E429085A1AC}"
EndProject
Project("{9A19103F-16F7-4668-BE54-9A1E7A4F7556}") = "ErrosExecoesTryCatchFiltrosExcecoes", "ErrosExecoesTryCatchFiltrosExcecoes\ErrosExecoesTryCatchFiltrosExcecoes.csproj", "{1DF9C352-49F7-44D4-BFE3-867020C84D99}"
EndProject
Project("{9A19103F-16F7-4668-BE54-9A1E7A4F7556}") = "ErrosExecoesTryCatchPersonalizados", "ErrosExecoesTryCatchPersonalizados\ErrosExecoesTryCatchPersonalizados.csproj", "{669AF454-A8C2-47D6-9033-51382A420235}"
EndProject
Project("{9A19103F-16F7-4668-BE54-9A1E7A4F7556}") = "Delegate", "Delegate\Delegate.csproj", "{5E29AE52-65B3-457A-816A-E4AA2F6BF846}"
EndProject
Project("{9A19103F-16F7-4668-BE54-9A1E7A4F7556}") = "DelegateMulticast", "DelegateMulticast\DelegateMulticast.csproj", "{6380D3D4-7D9A-4C54-AAF2-F56767F39131}"
EndProject
Project("{9A19103F-16F7-4668-BE54-9A1E7A4F7556}") = "MetodosAnonimos", "MetodosAnonimos\MetodosAnonimos.csproj", "{77CC7FE4-9115-47E5-BD27-4F91CB19AFDC}"
EndProject
Project("{9A19103F-16F7-4668-BE54-9A1E7A4F7556}") = "ExpressoesLambdas", "ExpressoesLambdas\ExpressoesLambdas.csproj", "{493A2703-52B9-416B-B4B5-62CA2DFFB6F4}"
EndProject
Project("{9A19103F-16F7-4668-BE54-9A1E7A4F7556}") = "DelegatePredicate", "DelegatePredicate\DelegatePredicate.csproj", "{D8E4BABD-3946-4564-AC12-C265F314BCCB}"
EndProject
Project("{9A19103F-16F7-4668-BE54-9A1E7A4F7556}") = "DelegateAction", "DelegateAction\DelegateAction.csproj", "{2E77B9FB-1FFA-4F5F-BE1D-27A8CC7B1AAA}"
EndProject
Project("{9A19103F-16F7-4668-BE54-9A1E7A4F7556}") = "DelegateFunc", "DelegateFunction\DelegateFunc.csproj", "{2D83F483-AC43-40B8-BC25-DEC4E6CD9281}"
EndProject
Project("{9A19103F-16F7-4668-BE54-9A1E7A4F7556}") = "ExercicioDelegate", "ExercicioDelegate\ExercicioDelegate.csproj", "{D6DA9F65-8A14-4834-9FB2-8578D1C19135}"
EndProject
Project("{9A19103F-16F7-4668-BE54-9A1E7A4F7556}") = "Evento", "Evento\Evento.csproj", "{7EC3EFCC-CD59-4508-9794-BCC18FFC3BD7}"
EndProject
Project("{9A19103F-16F7-4668-BE54-9A1E7A4F7556}") = "MetodosDeExtensao", "Extensoes\MetodosDeExtensao.csproj", "{7474A2C5-7564-4C49-9E6B-D81470067088}"
EndProject
Project("{FAE04EC0-301F-11D3-BF4B-00C04F79EFBC}") = "LINQ", "LINQ1\LINQ.csproj", "{6A5F7800-2CC7-44E9-8DCC-3363D6CFB8C2}"
EndProject
Global
	GlobalSection(SolutionConfigurationPlatforms) = preSolution
		Debug|Any CPU = Debug|Any CPU
		Release|Any CPU = Release|Any CPU
	EndGlobalSection
	GlobalSection(ProjectConfigurationPlatforms) = postSolution
		{64E64EDD-5B8C-4076-A8D8-4B1802CC7422}.Debug|Any CPU.ActiveCfg = Debug|Any CPU
		{64E64EDD-5B8C-4076-A8D8-4B1802CC7422}.Debug|Any CPU.Build.0 = Debug|Any CPU
		{64E64EDD-5B8C-4076-A8D8-4B1802CC7422}.Release|Any CPU.ActiveCfg = Release|Any CPU
		{64E64EDD-5B8C-4076-A8D8-4B1802CC7422}.Release|Any CPU.Build.0 = Release|Any CPU
		{EB17B844-47A6-4D8C-8275-D8CCFDD44C0B}.Debug|Any CPU.ActiveCfg = Debug|Any CPU
		{EB17B844-47A6-4D8C-8275-D8CCFDD44C0B}.Debug|Any CPU.Build.0 = Debug|Any CPU
		{EB17B844-47A6-4D8C-8275-D8CCFDD44C0B}.Release|Any CPU.ActiveCfg = Release|Any CPU
		{EB17B844-47A6-4D8C-8275-D8CCFDD44C0B}.Release|Any CPU.Build.0 = Release|Any CPU
		{9247A35C-AB3E-480A-9EA6-1A0F5DD6CC28}.Debug|Any CPU.ActiveCfg = Debug|Any CPU
		{9247A35C-AB3E-480A-9EA6-1A0F5DD6CC28}.Debug|Any CPU.Build.0 = Debug|Any CPU
		{9247A35C-AB3E-480A-9EA6-1A0F5DD6CC28}.Release|Any CPU.ActiveCfg = Release|Any CPU
		{9247A35C-AB3E-480A-9EA6-1A0F5DD6CC28}.Release|Any CPU.Build.0 = Release|Any CPU
		{6C1076CA-CFCC-49B2-A7CA-9110A891CBDB}.Debug|Any CPU.ActiveCfg = Debug|Any CPU
		{6C1076CA-CFCC-49B2-A7CA-9110A891CBDB}.Debug|Any CPU.Build.0 = Debug|Any CPU
		{6C1076CA-CFCC-49B2-A7CA-9110A891CBDB}.Release|Any CPU.ActiveCfg = Release|Any CPU
		{6C1076CA-CFCC-49B2-A7CA-9110A891CBDB}.Release|Any CPU.Build.0 = Release|Any CPU
		{46DF646E-9DAC-4B24-A31A-86F34E607711}.Debug|Any CPU.ActiveCfg = Debug|Any CPU
		{46DF646E-9DAC-4B24-A31A-86F34E607711}.Debug|Any CPU.Build.0 = Debug|Any CPU
		{46DF646E-9DAC-4B24-A31A-86F34E607711}.Release|Any CPU.ActiveCfg = Release|Any CPU
		{46DF646E-9DAC-4B24-A31A-86F34E607711}.Release|Any CPU.Build.0 = Release|Any CPU
		{C050F574-E4B3-45D4-A1D5-F6B463CB9995}.Debug|Any CPU.ActiveCfg = Debug|Any CPU
		{C050F574-E4B3-45D4-A1D5-F6B463CB9995}.Debug|Any CPU.Build.0 = Debug|Any CPU
		{C050F574-E4B3-45D4-A1D5-F6B463CB9995}.Release|Any CPU.ActiveCfg = Release|Any CPU
		{C050F574-E4B3-45D4-A1D5-F6B463CB9995}.Release|Any CPU.Build.0 = Release|Any CPU
		{956FF982-0235-4CE8-895A-845361B44FC0}.Debug|Any CPU.ActiveCfg = Debug|Any CPU
		{956FF982-0235-4CE8-895A-845361B44FC0}.Debug|Any CPU.Build.0 = Debug|Any CPU
		{956FF982-0235-4CE8-895A-845361B44FC0}.Release|Any CPU.ActiveCfg = Release|Any CPU
		{956FF982-0235-4CE8-895A-845361B44FC0}.Release|Any CPU.Build.0 = Release|Any CPU
		{A241806C-5657-4CFF-AB51-B15A0896C657}.Debug|Any CPU.ActiveCfg = Debug|Any CPU
		{A241806C-5657-4CFF-AB51-B15A0896C657}.Debug|Any CPU.Build.0 = Debug|Any CPU
		{A241806C-5657-4CFF-AB51-B15A0896C657}.Release|Any CPU.ActiveCfg = Release|Any CPU
		{A241806C-5657-4CFF-AB51-B15A0896C657}.Release|Any CPU.Build.0 = Release|Any CPU
		{9E514902-D20C-41A7-B143-82A33DCA6724}.Debug|Any CPU.ActiveCfg = Debug|Any CPU
		{9E514902-D20C-41A7-B143-82A33DCA6724}.Debug|Any CPU.Build.0 = Debug|Any CPU
		{9E514902-D20C-41A7-B143-82A33DCA6724}.Release|Any CPU.ActiveCfg = Release|Any CPU
		{9E514902-D20C-41A7-B143-82A33DCA6724}.Release|Any CPU.Build.0 = Release|Any CPU
		{9D9BBA16-5C6D-40E8-813A-D9543460874B}.Debug|Any CPU.ActiveCfg = Debug|Any CPU
		{9D9BBA16-5C6D-40E8-813A-D9543460874B}.Debug|Any CPU.Build.0 = Debug|Any CPU
		{9D9BBA16-5C6D-40E8-813A-D9543460874B}.Release|Any CPU.ActiveCfg = Release|Any CPU
		{9D9BBA16-5C6D-40E8-813A-D9543460874B}.Release|Any CPU.Build.0 = Release|Any CPU
		{BF8426CE-E8AD-493C-8A1E-D3DB0C4B64E0}.Debug|Any CPU.ActiveCfg = Debug|Any CPU
		{BF8426CE-E8AD-493C-8A1E-D3DB0C4B64E0}.Debug|Any CPU.Build.0 = Debug|Any CPU
		{BF8426CE-E8AD-493C-8A1E-D3DB0C4B64E0}.Release|Any CPU.ActiveCfg = Release|Any CPU
		{BF8426CE-E8AD-493C-8A1E-D3DB0C4B64E0}.Release|Any CPU.Build.0 = Release|Any CPU
		{63BE7BE7-0850-4A7D-9567-D40F1958ABE1}.Debug|Any CPU.ActiveCfg = Debug|Any CPU
		{63BE7BE7-0850-4A7D-9567-D40F1958ABE1}.Debug|Any CPU.Build.0 = Debug|Any CPU
		{63BE7BE7-0850-4A7D-9567-D40F1958ABE1}.Release|Any CPU.ActiveCfg = Release|Any CPU
		{63BE7BE7-0850-4A7D-9567-D40F1958ABE1}.Release|Any CPU.Build.0 = Release|Any CPU
		{D19E6B56-FA1E-4D5F-BB39-D9B2368EB3B7}.Debug|Any CPU.ActiveCfg = Debug|Any CPU
		{D19E6B56-FA1E-4D5F-BB39-D9B2368EB3B7}.Debug|Any CPU.Build.0 = Debug|Any CPU
		{D19E6B56-FA1E-4D5F-BB39-D9B2368EB3B7}.Release|Any CPU.ActiveCfg = Release|Any CPU
		{D19E6B56-FA1E-4D5F-BB39-D9B2368EB3B7}.Release|Any CPU.Build.0 = Release|Any CPU
		{36D721C7-8318-4017-898E-AB1332E642DC}.Debug|Any CPU.ActiveCfg = Debug|Any CPU
		{36D721C7-8318-4017-898E-AB1332E642DC}.Debug|Any CPU.Build.0 = Debug|Any CPU
		{36D721C7-8318-4017-898E-AB1332E642DC}.Release|Any CPU.ActiveCfg = Release|Any CPU
		{36D721C7-8318-4017-898E-AB1332E642DC}.Release|Any CPU.Build.0 = Release|Any CPU
		{DBB9E9E3-0F2E-41F4-A075-A9CF793A960D}.Debug|Any CPU.ActiveCfg = Debug|Any CPU
		{DBB9E9E3-0F2E-41F4-A075-A9CF793A960D}.Debug|Any CPU.Build.0 = Debug|Any CPU
		{DBB9E9E3-0F2E-41F4-A075-A9CF793A960D}.Release|Any CPU.ActiveCfg = Release|Any CPU
		{DBB9E9E3-0F2E-41F4-A075-A9CF793A960D}.Release|Any CPU.Build.0 = Release|Any CPU
		{B1576376-2CDA-43C4-8232-1AE00F9621E9}.Debug|Any CPU.ActiveCfg = Debug|Any CPU
		{B1576376-2CDA-43C4-8232-1AE00F9621E9}.Debug|Any CPU.Build.0 = Debug|Any CPU
		{B1576376-2CDA-43C4-8232-1AE00F9621E9}.Release|Any CPU.ActiveCfg = Release|Any CPU
		{B1576376-2CDA-43C4-8232-1AE00F9621E9}.Release|Any CPU.Build.0 = Release|Any CPU
		{7C1DD077-FE33-4B78-95E9-FF5C5F52B8B5}.Debug|Any CPU.ActiveCfg = Debug|Any CPU
		{7C1DD077-FE33-4B78-95E9-FF5C5F52B8B5}.Debug|Any CPU.Build.0 = Debug|Any CPU
		{7C1DD077-FE33-4B78-95E9-FF5C5F52B8B5}.Release|Any CPU.ActiveCfg = Release|Any CPU
		{7C1DD077-FE33-4B78-95E9-FF5C5F52B8B5}.Release|Any CPU.Build.0 = Release|Any CPU
		{8D159D96-3DC1-4A63-A2F0-4A9534A2BF43}.Debug|Any CPU.ActiveCfg = Debug|Any CPU
		{8D159D96-3DC1-4A63-A2F0-4A9534A2BF43}.Debug|Any CPU.Build.0 = Debug|Any CPU
		{8D159D96-3DC1-4A63-A2F0-4A9534A2BF43}.Release|Any CPU.ActiveCfg = Release|Any CPU
		{8D159D96-3DC1-4A63-A2F0-4A9534A2BF43}.Release|Any CPU.Build.0 = Release|Any CPU
		{E0ED779A-3BC9-4533-9193-46707618CDB7}.Debug|Any CPU.ActiveCfg = Debug|Any CPU
		{E0ED779A-3BC9-4533-9193-46707618CDB7}.Debug|Any CPU.Build.0 = Debug|Any CPU
		{E0ED779A-3BC9-4533-9193-46707618CDB7}.Release|Any CPU.ActiveCfg = Release|Any CPU
		{E0ED779A-3BC9-4533-9193-46707618CDB7}.Release|Any CPU.Build.0 = Release|Any CPU
		{E25E748A-94F5-4FDA-B6C7-108CCF3A4D04}.Debug|Any CPU.ActiveCfg = Debug|Any CPU
		{E25E748A-94F5-4FDA-B6C7-108CCF3A4D04}.Debug|Any CPU.Build.0 = Debug|Any CPU
		{E25E748A-94F5-4FDA-B6C7-108CCF3A4D04}.Release|Any CPU.ActiveCfg = Release|Any CPU
		{E25E748A-94F5-4FDA-B6C7-108CCF3A4D04}.Release|Any CPU.Build.0 = Release|Any CPU
		{8BCB733D-D46E-4736-99D2-BA8B884DA7A6}.Debug|Any CPU.ActiveCfg = Debug|Any CPU
		{8BCB733D-D46E-4736-99D2-BA8B884DA7A6}.Debug|Any CPU.Build.0 = Debug|Any CPU
		{8BCB733D-D46E-4736-99D2-BA8B884DA7A6}.Release|Any CPU.ActiveCfg = Release|Any CPU
		{8BCB733D-D46E-4736-99D2-BA8B884DA7A6}.Release|Any CPU.Build.0 = Release|Any CPU
		{7D01552D-C548-4A21-A04C-51378893A843}.Debug|Any CPU.ActiveCfg = Debug|Any CPU
		{7D01552D-C548-4A21-A04C-51378893A843}.Debug|Any CPU.Build.0 = Debug|Any CPU
		{7D01552D-C548-4A21-A04C-51378893A843}.Release|Any CPU.ActiveCfg = Release|Any CPU
		{7D01552D-C548-4A21-A04C-51378893A843}.Release|Any CPU.Build.0 = Release|Any CPU
		{4B391E96-12E2-4881-878D-C0CEF12E3444}.Debug|Any CPU.ActiveCfg = Debug|Any CPU
		{4B391E96-12E2-4881-878D-C0CEF12E3444}.Debug|Any CPU.Build.0 = Debug|Any CPU
		{4B391E96-12E2-4881-878D-C0CEF12E3444}.Release|Any CPU.ActiveCfg = Release|Any CPU
		{4B391E96-12E2-4881-878D-C0CEF12E3444}.Release|Any CPU.Build.0 = Release|Any CPU
		{B6416DAB-F89C-4731-93DB-CD0B5795A2D2}.Debug|Any CPU.ActiveCfg = Debug|Any CPU
		{B6416DAB-F89C-4731-93DB-CD0B5795A2D2}.Debug|Any CPU.Build.0 = Debug|Any CPU
		{B6416DAB-F89C-4731-93DB-CD0B5795A2D2}.Release|Any CPU.ActiveCfg = Release|Any CPU
		{B6416DAB-F89C-4731-93DB-CD0B5795A2D2}.Release|Any CPU.Build.0 = Release|Any CPU
		{DD39AF04-499E-4D7A-AE0B-AD31AAA4B55A}.Debug|Any CPU.ActiveCfg = Debug|Any CPU
		{DD39AF04-499E-4D7A-AE0B-AD31AAA4B55A}.Debug|Any CPU.Build.0 = Debug|Any CPU
		{DD39AF04-499E-4D7A-AE0B-AD31AAA4B55A}.Release|Any CPU.ActiveCfg = Release|Any CPU
		{DD39AF04-499E-4D7A-AE0B-AD31AAA4B55A}.Release|Any CPU.Build.0 = Release|Any CPU
		{C0B51509-AED6-465D-B33C-8B6382EAA8E4}.Debug|Any CPU.ActiveCfg = Debug|Any CPU
		{C0B51509-AED6-465D-B33C-8B6382EAA8E4}.Debug|Any CPU.Build.0 = Debug|Any CPU
		{C0B51509-AED6-465D-B33C-8B6382EAA8E4}.Release|Any CPU.ActiveCfg = Release|Any CPU
		{C0B51509-AED6-465D-B33C-8B6382EAA8E4}.Release|Any CPU.Build.0 = Release|Any CPU
		{236B44B9-A4D5-44D1-BB3C-8DF5C3F4BD4B}.Debug|Any CPU.ActiveCfg = Debug|Any CPU
		{236B44B9-A4D5-44D1-BB3C-8DF5C3F4BD4B}.Debug|Any CPU.Build.0 = Debug|Any CPU
		{236B44B9-A4D5-44D1-BB3C-8DF5C3F4BD4B}.Release|Any CPU.ActiveCfg = Release|Any CPU
		{236B44B9-A4D5-44D1-BB3C-8DF5C3F4BD4B}.Release|Any CPU.Build.0 = Release|Any CPU
		{025180A8-8BDC-47C9-BC24-EA6D19574BD1}.Debug|Any CPU.ActiveCfg = Debug|Any CPU
		{025180A8-8BDC-47C9-BC24-EA6D19574BD1}.Debug|Any CPU.Build.0 = Debug|Any CPU
		{025180A8-8BDC-47C9-BC24-EA6D19574BD1}.Release|Any CPU.ActiveCfg = Release|Any CPU
		{025180A8-8BDC-47C9-BC24-EA6D19574BD1}.Release|Any CPU.Build.0 = Release|Any CPU
		{FAD5EA89-26B9-45D2-9897-E76F0A510D3E}.Debug|Any CPU.ActiveCfg = Debug|Any CPU
		{FAD5EA89-26B9-45D2-9897-E76F0A510D3E}.Debug|Any CPU.Build.0 = Debug|Any CPU
		{FAD5EA89-26B9-45D2-9897-E76F0A510D3E}.Release|Any CPU.ActiveCfg = Release|Any CPU
		{FAD5EA89-26B9-45D2-9897-E76F0A510D3E}.Release|Any CPU.Build.0 = Release|Any CPU
		{951D59FF-B74A-4362-9FA5-90313D4541B3}.Debug|Any CPU.ActiveCfg = Debug|Any CPU
		{951D59FF-B74A-4362-9FA5-90313D4541B3}.Debug|Any CPU.Build.0 = Debug|Any CPU
		{951D59FF-B74A-4362-9FA5-90313D4541B3}.Release|Any CPU.ActiveCfg = Release|Any CPU
		{951D59FF-B74A-4362-9FA5-90313D4541B3}.Release|Any CPU.Build.0 = Release|Any CPU
		{370A0320-24B6-40CF-ACE7-592B534AF2C1}.Debug|Any CPU.ActiveCfg = Debug|Any CPU
		{370A0320-24B6-40CF-ACE7-592B534AF2C1}.Debug|Any CPU.Build.0 = Debug|Any CPU
		{370A0320-24B6-40CF-ACE7-592B534AF2C1}.Release|Any CPU.ActiveCfg = Release|Any CPU
		{370A0320-24B6-40CF-ACE7-592B534AF2C1}.Release|Any CPU.Build.0 = Release|Any CPU
		{9C1FFEFE-C7AF-4D6A-8A87-03FDFCC3D76C}.Debug|Any CPU.ActiveCfg = Debug|Any CPU
		{9C1FFEFE-C7AF-4D6A-8A87-03FDFCC3D76C}.Debug|Any CPU.Build.0 = Debug|Any CPU
		{9C1FFEFE-C7AF-4D6A-8A87-03FDFCC3D76C}.Release|Any CPU.ActiveCfg = Release|Any CPU
		{9C1FFEFE-C7AF-4D6A-8A87-03FDFCC3D76C}.Release|Any CPU.Build.0 = Release|Any CPU
		{CF9FED31-3712-4801-899F-AB9B04358383}.Debug|Any CPU.ActiveCfg = Debug|Any CPU
		{CF9FED31-3712-4801-899F-AB9B04358383}.Debug|Any CPU.Build.0 = Debug|Any CPU
		{CF9FED31-3712-4801-899F-AB9B04358383}.Release|Any CPU.ActiveCfg = Release|Any CPU
		{CF9FED31-3712-4801-899F-AB9B04358383}.Release|Any CPU.Build.0 = Release|Any CPU
		{4C18E166-B84F-4AB6-B250-BCA02F8ECFF2}.Debug|Any CPU.ActiveCfg = Debug|Any CPU
		{4C18E166-B84F-4AB6-B250-BCA02F8ECFF2}.Debug|Any CPU.Build.0 = Debug|Any CPU
		{4C18E166-B84F-4AB6-B250-BCA02F8ECFF2}.Release|Any CPU.ActiveCfg = Release|Any CPU
		{4C18E166-B84F-4AB6-B250-BCA02F8ECFF2}.Release|Any CPU.Build.0 = Release|Any CPU
		{BD9F9D65-9A3A-4315-8F5A-3A3CF53F480B}.Debug|Any CPU.ActiveCfg = Debug|Any CPU
		{BD9F9D65-9A3A-4315-8F5A-3A3CF53F480B}.Debug|Any CPU.Build.0 = Debug|Any CPU
		{BD9F9D65-9A3A-4315-8F5A-3A3CF53F480B}.Release|Any CPU.ActiveCfg = Release|Any CPU
		{BD9F9D65-9A3A-4315-8F5A-3A3CF53F480B}.Release|Any CPU.Build.0 = Release|Any CPU
		{7789EEB6-9FBE-486F-94B2-C0F846A385B8}.Debug|Any CPU.ActiveCfg = Debug|Any CPU
		{7789EEB6-9FBE-486F-94B2-C0F846A385B8}.Debug|Any CPU.Build.0 = Debug|Any CPU
		{7789EEB6-9FBE-486F-94B2-C0F846A385B8}.Release|Any CPU.ActiveCfg = Release|Any CPU
		{7789EEB6-9FBE-486F-94B2-C0F846A385B8}.Release|Any CPU.Build.0 = Release|Any CPU
		{41B63170-C2DB-44F1-8348-FF90C04CB76B}.Debug|Any CPU.ActiveCfg = Debug|Any CPU
		{41B63170-C2DB-44F1-8348-FF90C04CB76B}.Debug|Any CPU.Build.0 = Debug|Any CPU
		{41B63170-C2DB-44F1-8348-FF90C04CB76B}.Release|Any CPU.ActiveCfg = Release|Any CPU
		{41B63170-C2DB-44F1-8348-FF90C04CB76B}.Release|Any CPU.Build.0 = Release|Any CPU
		{3E2E9D95-A69E-4DE4-9DC0-4F2A14D3C7E3}.Debug|Any CPU.ActiveCfg = Debug|Any CPU
		{3E2E9D95-A69E-4DE4-9DC0-4F2A14D3C7E3}.Debug|Any CPU.Build.0 = Debug|Any CPU
		{3E2E9D95-A69E-4DE4-9DC0-4F2A14D3C7E3}.Release|Any CPU.ActiveCfg = Release|Any CPU
		{3E2E9D95-A69E-4DE4-9DC0-4F2A14D3C7E3}.Release|Any CPU.Build.0 = Release|Any CPU
		{B4C99143-A6C6-4CD0-AD9A-6D9744163D0A}.Debug|Any CPU.ActiveCfg = Debug|Any CPU
		{B4C99143-A6C6-4CD0-AD9A-6D9744163D0A}.Debug|Any CPU.Build.0 = Debug|Any CPU
		{B4C99143-A6C6-4CD0-AD9A-6D9744163D0A}.Release|Any CPU.ActiveCfg = Release|Any CPU
		{B4C99143-A6C6-4CD0-AD9A-6D9744163D0A}.Release|Any CPU.Build.0 = Release|Any CPU
		{B5A27659-D111-4896-A9FC-FA53BF2D7319}.Debug|Any CPU.ActiveCfg = Debug|Any CPU
		{B5A27659-D111-4896-A9FC-FA53BF2D7319}.Debug|Any CPU.Build.0 = Debug|Any CPU
		{B5A27659-D111-4896-A9FC-FA53BF2D7319}.Release|Any CPU.ActiveCfg = Release|Any CPU
		{B5A27659-D111-4896-A9FC-FA53BF2D7319}.Release|Any CPU.Build.0 = Release|Any CPU
		{0875B674-2A50-479F-B269-7680AD736320}.Debug|Any CPU.ActiveCfg = Debug|Any CPU
		{0875B674-2A50-479F-B269-7680AD736320}.Debug|Any CPU.Build.0 = Debug|Any CPU
		{0875B674-2A50-479F-B269-7680AD736320}.Release|Any CPU.ActiveCfg = Release|Any CPU
		{0875B674-2A50-479F-B269-7680AD736320}.Release|Any CPU.Build.0 = Release|Any CPU
		{2981B56A-EC09-4900-A820-6E1127252AD0}.Debug|Any CPU.ActiveCfg = Debug|Any CPU
		{2981B56A-EC09-4900-A820-6E1127252AD0}.Debug|Any CPU.Build.0 = Debug|Any CPU
		{2981B56A-EC09-4900-A820-6E1127252AD0}.Release|Any CPU.ActiveCfg = Release|Any CPU
		{2981B56A-EC09-4900-A820-6E1127252AD0}.Release|Any CPU.Build.0 = Release|Any CPU
		{42FD01C7-2B53-48D8-8897-E08803BDFF27}.Debug|Any CPU.ActiveCfg = Debug|Any CPU
		{42FD01C7-2B53-48D8-8897-E08803BDFF27}.Debug|Any CPU.Build.0 = Debug|Any CPU
		{42FD01C7-2B53-48D8-8897-E08803BDFF27}.Release|Any CPU.ActiveCfg = Release|Any CPU
		{42FD01C7-2B53-48D8-8897-E08803BDFF27}.Release|Any CPU.Build.0 = Release|Any CPU
		{C9080BF9-4E6A-482D-81C7-4447465AF62E}.Debug|Any CPU.ActiveCfg = Debug|Any CPU
		{C9080BF9-4E6A-482D-81C7-4447465AF62E}.Debug|Any CPU.Build.0 = Debug|Any CPU
		{C9080BF9-4E6A-482D-81C7-4447465AF62E}.Release|Any CPU.ActiveCfg = Release|Any CPU
		{C9080BF9-4E6A-482D-81C7-4447465AF62E}.Release|Any CPU.Build.0 = Release|Any CPU
		{24E566C5-81D8-4583-B1AB-EEBA69F6FF13}.Debug|Any CPU.ActiveCfg = Debug|Any CPU
		{24E566C5-81D8-4583-B1AB-EEBA69F6FF13}.Debug|Any CPU.Build.0 = Debug|Any CPU
		{24E566C5-81D8-4583-B1AB-EEBA69F6FF13}.Release|Any CPU.ActiveCfg = Release|Any CPU
		{24E566C5-81D8-4583-B1AB-EEBA69F6FF13}.Release|Any CPU.Build.0 = Release|Any CPU
		{68F70547-5C1A-4518-9560-9E071023E7C5}.Debug|Any CPU.ActiveCfg = Debug|Any CPU
		{68F70547-5C1A-4518-9560-9E071023E7C5}.Debug|Any CPU.Build.0 = Debug|Any CPU
		{68F70547-5C1A-4518-9560-9E071023E7C5}.Release|Any CPU.ActiveCfg = Release|Any CPU
		{68F70547-5C1A-4518-9560-9E071023E7C5}.Release|Any CPU.Build.0 = Release|Any CPU
		{E9D3E006-6F4F-4C02-974C-ABEA9E5CB919}.Debug|Any CPU.ActiveCfg = Debug|Any CPU
		{E9D3E006-6F4F-4C02-974C-ABEA9E5CB919}.Debug|Any CPU.Build.0 = Debug|Any CPU
		{E9D3E006-6F4F-4C02-974C-ABEA9E5CB919}.Release|Any CPU.ActiveCfg = Release|Any CPU
		{E9D3E006-6F4F-4C02-974C-ABEA9E5CB919}.Release|Any CPU.Build.0 = Release|Any CPU
		{F0B2E973-C97F-496E-90AC-B1713B530320}.Debug|Any CPU.ActiveCfg = Debug|Any CPU
		{F0B2E973-C97F-496E-90AC-B1713B530320}.Debug|Any CPU.Build.0 = Debug|Any CPU
		{F0B2E973-C97F-496E-90AC-B1713B530320}.Release|Any CPU.ActiveCfg = Release|Any CPU
		{F0B2E973-C97F-496E-90AC-B1713B530320}.Release|Any CPU.Build.0 = Release|Any CPU
		{B8E552EE-203D-4D4B-AFF5-AF53261E531A}.Debug|Any CPU.ActiveCfg = Debug|Any CPU
		{B8E552EE-203D-4D4B-AFF5-AF53261E531A}.Debug|Any CPU.Build.0 = Debug|Any CPU
		{B8E552EE-203D-4D4B-AFF5-AF53261E531A}.Release|Any CPU.ActiveCfg = Release|Any CPU
		{B8E552EE-203D-4D4B-AFF5-AF53261E531A}.Release|Any CPU.Build.0 = Release|Any CPU
		{0096CE3F-9195-4F1E-8BC2-795E24F4111D}.Debug|Any CPU.ActiveCfg = Debug|Any CPU
		{0096CE3F-9195-4F1E-8BC2-795E24F4111D}.Debug|Any CPU.Build.0 = Debug|Any CPU
		{0096CE3F-9195-4F1E-8BC2-795E24F4111D}.Release|Any CPU.ActiveCfg = Release|Any CPU
		{0096CE3F-9195-4F1E-8BC2-795E24F4111D}.Release|Any CPU.Build.0 = Release|Any CPU
		{74A6AB64-0822-4148-A9A4-EEF803151BC3}.Debug|Any CPU.ActiveCfg = Debug|Any CPU
		{74A6AB64-0822-4148-A9A4-EEF803151BC3}.Debug|Any CPU.Build.0 = Debug|Any CPU
		{74A6AB64-0822-4148-A9A4-EEF803151BC3}.Release|Any CPU.ActiveCfg = Release|Any CPU
		{74A6AB64-0822-4148-A9A4-EEF803151BC3}.Release|Any CPU.Build.0 = Release|Any CPU
		{569FAC49-05D4-44B8-A582-8810570CF1BC}.Debug|Any CPU.ActiveCfg = Debug|Any CPU
		{569FAC49-05D4-44B8-A582-8810570CF1BC}.Debug|Any CPU.Build.0 = Debug|Any CPU
		{569FAC49-05D4-44B8-A582-8810570CF1BC}.Release|Any CPU.ActiveCfg = Release|Any CPU
		{569FAC49-05D4-44B8-A582-8810570CF1BC}.Release|Any CPU.Build.0 = Release|Any CPU
		{CFC7DA9C-B778-4737-9F52-17F5983BC41A}.Debug|Any CPU.ActiveCfg = Debug|Any CPU
		{CFC7DA9C-B778-4737-9F52-17F5983BC41A}.Debug|Any CPU.Build.0 = Debug|Any CPU
		{CFC7DA9C-B778-4737-9F52-17F5983BC41A}.Release|Any CPU.ActiveCfg = Release|Any CPU
		{CFC7DA9C-B778-4737-9F52-17F5983BC41A}.Release|Any CPU.Build.0 = Release|Any CPU
		{2348DB19-9CA4-4EA0-825C-303E6196CD4F}.Debug|Any CPU.ActiveCfg = Debug|Any CPU
		{2348DB19-9CA4-4EA0-825C-303E6196CD4F}.Debug|Any CPU.Build.0 = Debug|Any CPU
		{2348DB19-9CA4-4EA0-825C-303E6196CD4F}.Release|Any CPU.ActiveCfg = Release|Any CPU
		{2348DB19-9CA4-4EA0-825C-303E6196CD4F}.Release|Any CPU.Build.0 = Release|Any CPU
		{08010BE3-1AF3-483C-B580-CB49879D3AD6}.Debug|Any CPU.ActiveCfg = Debug|Any CPU
		{08010BE3-1AF3-483C-B580-CB49879D3AD6}.Debug|Any CPU.Build.0 = Debug|Any CPU
		{08010BE3-1AF3-483C-B580-CB49879D3AD6}.Release|Any CPU.ActiveCfg = Release|Any CPU
		{08010BE3-1AF3-483C-B580-CB49879D3AD6}.Release|Any CPU.Build.0 = Release|Any CPU
		{0C6192E8-D6A9-41DF-931D-C1D7DD18AE2C}.Debug|Any CPU.ActiveCfg = Debug|Any CPU
		{0C6192E8-D6A9-41DF-931D-C1D7DD18AE2C}.Debug|Any CPU.Build.0 = Debug|Any CPU
		{0C6192E8-D6A9-41DF-931D-C1D7DD18AE2C}.Release|Any CPU.ActiveCfg = Release|Any CPU
		{0C6192E8-D6A9-41DF-931D-C1D7DD18AE2C}.Release|Any CPU.Build.0 = Release|Any CPU
		{DDF0EDFB-E8CC-4A6C-9CFF-EBA0C5E90D8E}.Debug|Any CPU.ActiveCfg = Debug|Any CPU
		{DDF0EDFB-E8CC-4A6C-9CFF-EBA0C5E90D8E}.Debug|Any CPU.Build.0 = Debug|Any CPU
		{DDF0EDFB-E8CC-4A6C-9CFF-EBA0C5E90D8E}.Release|Any CPU.ActiveCfg = Release|Any CPU
		{DDF0EDFB-E8CC-4A6C-9CFF-EBA0C5E90D8E}.Release|Any CPU.Build.0 = Release|Any CPU
		{A6E78436-05B2-4C7C-A124-168C40B36483}.Debug|Any CPU.ActiveCfg = Debug|Any CPU
		{A6E78436-05B2-4C7C-A124-168C40B36483}.Debug|Any CPU.Build.0 = Debug|Any CPU
		{A6E78436-05B2-4C7C-A124-168C40B36483}.Release|Any CPU.ActiveCfg = Release|Any CPU
		{A6E78436-05B2-4C7C-A124-168C40B36483}.Release|Any CPU.Build.0 = Release|Any CPU
		{B9E144C8-F7DB-4337-8386-F5F8AB72A173}.Debug|Any CPU.ActiveCfg = Debug|Any CPU
		{B9E144C8-F7DB-4337-8386-F5F8AB72A173}.Debug|Any CPU.Build.0 = Debug|Any CPU
		{B9E144C8-F7DB-4337-8386-F5F8AB72A173}.Release|Any CPU.ActiveCfg = Release|Any CPU
		{B9E144C8-F7DB-4337-8386-F5F8AB72A173}.Release|Any CPU.Build.0 = Release|Any CPU
		{C1BECDFB-FCAB-46F2-B4DE-6F3BF8E37A10}.Debug|Any CPU.ActiveCfg = Debug|Any CPU
		{C1BECDFB-FCAB-46F2-B4DE-6F3BF8E37A10}.Debug|Any CPU.Build.0 = Debug|Any CPU
		{C1BECDFB-FCAB-46F2-B4DE-6F3BF8E37A10}.Release|Any CPU.ActiveCfg = Release|Any CPU
		{C1BECDFB-FCAB-46F2-B4DE-6F3BF8E37A10}.Release|Any CPU.Build.0 = Release|Any CPU
		{5BBC55BA-6F9B-4C59-8F32-1D679E79635A}.Debug|Any CPU.ActiveCfg = Debug|Any CPU
		{5BBC55BA-6F9B-4C59-8F32-1D679E79635A}.Debug|Any CPU.Build.0 = Debug|Any CPU
		{5BBC55BA-6F9B-4C59-8F32-1D679E79635A}.Release|Any CPU.ActiveCfg = Release|Any CPU
		{5BBC55BA-6F9B-4C59-8F32-1D679E79635A}.Release|Any CPU.Build.0 = Release|Any CPU
		{2EBE6CD6-CC2F-4217-8AE5-5DA0BF136D44}.Debug|Any CPU.ActiveCfg = Debug|Any CPU
		{2EBE6CD6-CC2F-4217-8AE5-5DA0BF136D44}.Debug|Any CPU.Build.0 = Debug|Any CPU
		{2EBE6CD6-CC2F-4217-8AE5-5DA0BF136D44}.Release|Any CPU.ActiveCfg = Release|Any CPU
		{2EBE6CD6-CC2F-4217-8AE5-5DA0BF136D44}.Release|Any CPU.Build.0 = Release|Any CPU
		{315FA8BB-F96D-4E6B-9A7A-465B70CDD48F}.Debug|Any CPU.ActiveCfg = Debug|Any CPU
		{315FA8BB-F96D-4E6B-9A7A-465B70CDD48F}.Debug|Any CPU.Build.0 = Debug|Any CPU
		{315FA8BB-F96D-4E6B-9A7A-465B70CDD48F}.Release|Any CPU.ActiveCfg = Release|Any CPU
		{315FA8BB-F96D-4E6B-9A7A-465B70CDD48F}.Release|Any CPU.Build.0 = Release|Any CPU
		{BA1CAEEA-A7EE-43BF-8C6C-2780BE3FE7F9}.Debug|Any CPU.ActiveCfg = Debug|Any CPU
		{BA1CAEEA-A7EE-43BF-8C6C-2780BE3FE7F9}.Debug|Any CPU.Build.0 = Debug|Any CPU
		{BA1CAEEA-A7EE-43BF-8C6C-2780BE3FE7F9}.Release|Any CPU.ActiveCfg = Release|Any CPU
		{BA1CAEEA-A7EE-43BF-8C6C-2780BE3FE7F9}.Release|Any CPU.Build.0 = Release|Any CPU
		{0BFBD327-D001-43C4-8092-60BE565A2A7A}.Debug|Any CPU.ActiveCfg = Debug|Any CPU
		{0BFBD327-D001-43C4-8092-60BE565A2A7A}.Debug|Any CPU.Build.0 = Debug|Any CPU
		{0BFBD327-D001-43C4-8092-60BE565A2A7A}.Release|Any CPU.ActiveCfg = Release|Any CPU
		{0BFBD327-D001-43C4-8092-60BE565A2A7A}.Release|Any CPU.Build.0 = Release|Any CPU
		{73C0BB69-D2DE-434D-BE38-9959A4A27992}.Debug|Any CPU.ActiveCfg = Debug|Any CPU
		{73C0BB69-D2DE-434D-BE38-9959A4A27992}.Debug|Any CPU.Build.0 = Debug|Any CPU
		{73C0BB69-D2DE-434D-BE38-9959A4A27992}.Release|Any CPU.ActiveCfg = Release|Any CPU
		{73C0BB69-D2DE-434D-BE38-9959A4A27992}.Release|Any CPU.Build.0 = Release|Any CPU
		{54CE3F8A-A171-49F3-9BAB-E96C37BADFFB}.Debug|Any CPU.ActiveCfg = Debug|Any CPU
		{54CE3F8A-A171-49F3-9BAB-E96C37BADFFB}.Debug|Any CPU.Build.0 = Debug|Any CPU
		{54CE3F8A-A171-49F3-9BAB-E96C37BADFFB}.Release|Any CPU.ActiveCfg = Release|Any CPU
		{54CE3F8A-A171-49F3-9BAB-E96C37BADFFB}.Release|Any CPU.Build.0 = Release|Any CPU
		{EE095A4B-C042-44F1-890D-DAB8BDCCD647}.Debug|Any CPU.ActiveCfg = Debug|Any CPU
		{EE095A4B-C042-44F1-890D-DAB8BDCCD647}.Debug|Any CPU.Build.0 = Debug|Any CPU
		{EE095A4B-C042-44F1-890D-DAB8BDCCD647}.Release|Any CPU.ActiveCfg = Release|Any CPU
		{EE095A4B-C042-44F1-890D-DAB8BDCCD647}.Release|Any CPU.Build.0 = Release|Any CPU
		{076A7979-76C0-4B35-B08F-0DCDBD89D618}.Debug|Any CPU.ActiveCfg = Debug|Any CPU
		{076A7979-76C0-4B35-B08F-0DCDBD89D618}.Debug|Any CPU.Build.0 = Debug|Any CPU
		{076A7979-76C0-4B35-B08F-0DCDBD89D618}.Release|Any CPU.ActiveCfg = Release|Any CPU
		{076A7979-76C0-4B35-B08F-0DCDBD89D618}.Release|Any CPU.Build.0 = Release|Any CPU
		{E60B7A29-A318-4C3B-A819-9A03DC23A5A6}.Debug|Any CPU.ActiveCfg = Debug|Any CPU
		{E60B7A29-A318-4C3B-A819-9A03DC23A5A6}.Debug|Any CPU.Build.0 = Debug|Any CPU
		{E60B7A29-A318-4C3B-A819-9A03DC23A5A6}.Release|Any CPU.ActiveCfg = Release|Any CPU
		{E60B7A29-A318-4C3B-A819-9A03DC23A5A6}.Release|Any CPU.Build.0 = Release|Any CPU
		{9D42C003-FB5F-4458-8720-14BCD69CB907}.Debug|Any CPU.ActiveCfg = Debug|Any CPU
		{9D42C003-FB5F-4458-8720-14BCD69CB907}.Debug|Any CPU.Build.0 = Debug|Any CPU
		{9D42C003-FB5F-4458-8720-14BCD69CB907}.Release|Any CPU.ActiveCfg = Release|Any CPU
		{9D42C003-FB5F-4458-8720-14BCD69CB907}.Release|Any CPU.Build.0 = Release|Any CPU
		{F24079F4-FC57-40AA-8410-5D62BBD2F4F4}.Debug|Any CPU.ActiveCfg = Debug|Any CPU
		{F24079F4-FC57-40AA-8410-5D62BBD2F4F4}.Debug|Any CPU.Build.0 = Debug|Any CPU
		{F24079F4-FC57-40AA-8410-5D62BBD2F4F4}.Release|Any CPU.ActiveCfg = Release|Any CPU
		{F24079F4-FC57-40AA-8410-5D62BBD2F4F4}.Release|Any CPU.Build.0 = Release|Any CPU
		{45D59C21-0CF6-4E59-8099-4E429085A1AC}.Debug|Any CPU.ActiveCfg = Debug|Any CPU
		{45D59C21-0CF6-4E59-8099-4E429085A1AC}.Debug|Any CPU.Build.0 = Debug|Any CPU
		{45D59C21-0CF6-4E59-8099-4E429085A1AC}.Release|Any CPU.ActiveCfg = Release|Any CPU
		{45D59C21-0CF6-4E59-8099-4E429085A1AC}.Release|Any CPU.Build.0 = Release|Any CPU
		{1DF9C352-49F7-44D4-BFE3-867020C84D99}.Debug|Any CPU.ActiveCfg = Debug|Any CPU
		{1DF9C352-49F7-44D4-BFE3-867020C84D99}.Debug|Any CPU.Build.0 = Debug|Any CPU
		{1DF9C352-49F7-44D4-BFE3-867020C84D99}.Release|Any CPU.ActiveCfg = Release|Any CPU
		{1DF9C352-49F7-44D4-BFE3-867020C84D99}.Release|Any CPU.Build.0 = Release|Any CPU
		{669AF454-A8C2-47D6-9033-51382A420235}.Debug|Any CPU.ActiveCfg = Debug|Any CPU
		{669AF454-A8C2-47D6-9033-51382A420235}.Debug|Any CPU.Build.0 = Debug|Any CPU
		{669AF454-A8C2-47D6-9033-51382A420235}.Release|Any CPU.ActiveCfg = Release|Any CPU
		{669AF454-A8C2-47D6-9033-51382A420235}.Release|Any CPU.Build.0 = Release|Any CPU
		{5E29AE52-65B3-457A-816A-E4AA2F6BF846}.Debug|Any CPU.ActiveCfg = Debug|Any CPU
		{5E29AE52-65B3-457A-816A-E4AA2F6BF846}.Debug|Any CPU.Build.0 = Debug|Any CPU
		{5E29AE52-65B3-457A-816A-E4AA2F6BF846}.Release|Any CPU.ActiveCfg = Release|Any CPU
		{5E29AE52-65B3-457A-816A-E4AA2F6BF846}.Release|Any CPU.Build.0 = Release|Any CPU
		{6380D3D4-7D9A-4C54-AAF2-F56767F39131}.Debug|Any CPU.ActiveCfg = Debug|Any CPU
		{6380D3D4-7D9A-4C54-AAF2-F56767F39131}.Debug|Any CPU.Build.0 = Debug|Any CPU
		{6380D3D4-7D9A-4C54-AAF2-F56767F39131}.Release|Any CPU.ActiveCfg = Release|Any CPU
		{6380D3D4-7D9A-4C54-AAF2-F56767F39131}.Release|Any CPU.Build.0 = Release|Any CPU
		{77CC7FE4-9115-47E5-BD27-4F91CB19AFDC}.Debug|Any CPU.ActiveCfg = Debug|Any CPU
		{77CC7FE4-9115-47E5-BD27-4F91CB19AFDC}.Debug|Any CPU.Build.0 = Debug|Any CPU
		{77CC7FE4-9115-47E5-BD27-4F91CB19AFDC}.Release|Any CPU.ActiveCfg = Release|Any CPU
		{77CC7FE4-9115-47E5-BD27-4F91CB19AFDC}.Release|Any CPU.Build.0 = Release|Any CPU
		{493A2703-52B9-416B-B4B5-62CA2DFFB6F4}.Debug|Any CPU.ActiveCfg = Debug|Any CPU
		{493A2703-52B9-416B-B4B5-62CA2DFFB6F4}.Debug|Any CPU.Build.0 = Debug|Any CPU
		{493A2703-52B9-416B-B4B5-62CA2DFFB6F4}.Release|Any CPU.ActiveCfg = Release|Any CPU
		{493A2703-52B9-416B-B4B5-62CA2DFFB6F4}.Release|Any CPU.Build.0 = Release|Any CPU
		{D8E4BABD-3946-4564-AC12-C265F314BCCB}.Debug|Any CPU.ActiveCfg = Debug|Any CPU
		{D8E4BABD-3946-4564-AC12-C265F314BCCB}.Debug|Any CPU.Build.0 = Debug|Any CPU
		{D8E4BABD-3946-4564-AC12-C265F314BCCB}.Release|Any CPU.ActiveCfg = Release|Any CPU
		{D8E4BABD-3946-4564-AC12-C265F314BCCB}.Release|Any CPU.Build.0 = Release|Any CPU
		{2E77B9FB-1FFA-4F5F-BE1D-27A8CC7B1AAA}.Debug|Any CPU.ActiveCfg = Debug|Any CPU
		{2E77B9FB-1FFA-4F5F-BE1D-27A8CC7B1AAA}.Debug|Any CPU.Build.0 = Debug|Any CPU
		{2E77B9FB-1FFA-4F5F-BE1D-27A8CC7B1AAA}.Release|Any CPU.ActiveCfg = Release|Any CPU
		{2E77B9FB-1FFA-4F5F-BE1D-27A8CC7B1AAA}.Release|Any CPU.Build.0 = Release|Any CPU
		{2D83F483-AC43-40B8-BC25-DEC4E6CD9281}.Debug|Any CPU.ActiveCfg = Debug|Any CPU
		{2D83F483-AC43-40B8-BC25-DEC4E6CD9281}.Debug|Any CPU.Build.0 = Debug|Any CPU
		{2D83F483-AC43-40B8-BC25-DEC4E6CD9281}.Release|Any CPU.ActiveCfg = Release|Any CPU
		{2D83F483-AC43-40B8-BC25-DEC4E6CD9281}.Release|Any CPU.Build.0 = Release|Any CPU
		{D6DA9F65-8A14-4834-9FB2-8578D1C19135}.Debug|Any CPU.ActiveCfg = Debug|Any CPU
		{D6DA9F65-8A14-4834-9FB2-8578D1C19135}.Debug|Any CPU.Build.0 = Debug|Any CPU
		{D6DA9F65-8A14-4834-9FB2-8578D1C19135}.Release|Any CPU.ActiveCfg = Release|Any CPU
		{D6DA9F65-8A14-4834-9FB2-8578D1C19135}.Release|Any CPU.Build.0 = Release|Any CPU
		{7EC3EFCC-CD59-4508-9794-BCC18FFC3BD7}.Debug|Any CPU.ActiveCfg = Debug|Any CPU
		{7EC3EFCC-CD59-4508-9794-BCC18FFC3BD7}.Debug|Any CPU.Build.0 = Debug|Any CPU
		{7EC3EFCC-CD59-4508-9794-BCC18FFC3BD7}.Release|Any CPU.ActiveCfg = Release|Any CPU
		{7EC3EFCC-CD59-4508-9794-BCC18FFC3BD7}.Release|Any CPU.Build.0 = Release|Any CPU
		{7474A2C5-7564-4C49-9E6B-D81470067088}.Debug|Any CPU.ActiveCfg = Debug|Any CPU
		{7474A2C5-7564-4C49-9E6B-D81470067088}.Debug|Any CPU.Build.0 = Debug|Any CPU
		{7474A2C5-7564-4C49-9E6B-D81470067088}.Release|Any CPU.ActiveCfg = Release|Any CPU
		{7474A2C5-7564-4C49-9E6B-D81470067088}.Release|Any CPU.Build.0 = Release|Any CPU
		{6A5F7800-2CC7-44E9-8DCC-3363D6CFB8C2}.Debug|Any CPU.ActiveCfg = Debug|Any CPU
		{6A5F7800-2CC7-44E9-8DCC-3363D6CFB8C2}.Debug|Any CPU.Build.0 = Debug|Any CPU
		{6A5F7800-2CC7-44E9-8DCC-3363D6CFB8C2}.Release|Any CPU.ActiveCfg = Release|Any CPU
		{6A5F7800-2CC7-44E9-8DCC-3363D6CFB8C2}.Release|Any CPU.Build.0 = Release|Any CPU
	EndGlobalSection
	GlobalSection(SolutionProperties) = preSolution
		HideSolutionNode = FALSE
	EndGlobalSection
	GlobalSection(ExtensibilityGlobals) = postSolution
		SolutionGuid = {DA3C9B11-DC42-4909-A893-F75C2EF80FBF}
	EndGlobalSection
EndGlobal
